
Microsoft Visual Studio Solution File, Format Version 12.00
# Visual Studio Version 17
VisualStudioVersion = 17.11.35219.272
MinimumVisualStudioVersion = 10.0.40219.1
Project("{9A19103F-16F7-4668-BE54-9A1E7A4F7556}") = "IMS.WebApp", "IMS.WebApp\IMS.WebApp.csproj", "{57D9C6D3-C22E-44EC-8141-F34866090F6E}"
EndProject
Project("{9A19103F-16F7-4668-BE54-9A1E7A4F7556}") = "IMS.UseCases", "IMS.UseCases\IMS.UseCases.csproj", "{49D8DEC0-728E-48D7-9DAE-A9D4D97FE9B6}"
EndProject
Project("{9A19103F-16F7-4668-BE54-9A1E7A4F7556}") = "IMS.CoreBusiness", "IMS.CoreBusiness\IMS.CoreBusiness.csproj", "{0C54E41B-E96A-47F9-B646-16024C4BB7EE}"
EndProject
Project("{2150E333-8FDC-42A3-9474-1A3956D46DE8}") = "IMS.Plugins", "IMS.Plugins", "{D1ED2986-E24F-442D-8194-0E1D1996821C}"
EndProject
Project("{9A19103F-16F7-4668-BE54-9A1E7A4F7556}") = "IMS.Plugins.InMemory", "IMS.Plugins\IMS.Plugins.InMemory\IMS.Plugins.InMemory.csproj", "{144E37F0-7110-490A-B434-DB6EAC6085DE}"
EndProject
Project("{9A19103F-16F7-4668-BE54-9A1E7A4F7556}") = "IMS.Plugins.EFCoreSqlServer", "IMS.Plugins\IMS.Plugins.EFCoreSqlServer\IMS.Plugins.EFCoreSqlServer.csproj", "{1532238A-472F-4AE7-A305-F3E2AA885A8F}"
EndProject
Global
	GlobalSection(SolutionConfigurationPlatforms) = preSolution
		Debug|Any CPU = Debug|Any CPU
		Release|Any CPU = Release|Any CPU
	EndGlobalSection
	GlobalSection(ProjectConfigurationPlatforms) = postSolution
		{57D9C6D3-C22E-44EC-8141-F34866090F6E}.Debug|Any CPU.ActiveCfg = Debug|Any CPU
		{57D9C6D3-C22E-44EC-8141-F34866090F6E}.Debug|Any CPU.Build.0 = Debug|Any CPU
		{57D9C6D3-C22E-44EC-8141-F34866090F6E}.Release|Any CPU.ActiveCfg = Release|Any CPU
		{57D9C6D3-C22E-44EC-8141-F34866090F6E}.Release|Any CPU.Build.0 = Release|Any CPU
		{49D8DEC0-728E-48D7-9DAE-A9D4D97FE9B6}.Debug|Any CPU.ActiveCfg = Debug|Any CPU
		{49D8DEC0-728E-48D7-9DAE-A9D4D97FE9B6}.Debug|Any CPU.Build.0 = Debug|Any CPU
		{49D8DEC0-728E-48D7-9DAE-A9D4D97FE9B6}.Release|Any CPU.ActiveCfg = Release|Any CPU
		{49D8DEC0-728E-48D7-9DAE-A9D4D97FE9B6}.Release|Any CPU.Build.0 = Release|Any CPU
		{0C54E41B-E96A-47F9-B646-16024C4BB7EE}.Debug|Any CPU.ActiveCfg = Debug|Any CPU
		{0C54E41B-E96A-47F9-B646-16024C4BB7EE}.Debug|Any CPU.Build.0 = Debug|Any CPU
		{0C54E41B-E96A-47F9-B646-16024C4BB7EE}.Release|Any CPU.ActiveCfg = Release|Any CPU
		{0C54E41B-E96A-47F9-B646-16024C4BB7EE}.Release|Any CPU.Build.0 = Release|Any CPU
		{144E37F0-7110-490A-B434-DB6EAC6085DE}.Debug|Any CPU.ActiveCfg = Debug|Any CPU
		{144E37F0-7110-490A-B434-DB6EAC6085DE}.Debug|Any CPU.Build.0 = Debug|Any CPU
		{144E37F0-7110-490A-B434-DB6EAC6085DE}.Release|Any CPU.ActiveCfg = Release|Any CPU
		{144E37F0-7110-490A-B434-DB6EAC6085DE}.Release|Any CPU.Build.0 = Release|Any CPU
		{1532238A-472F-4AE7-A305-F3E2AA885A8F}.Debug|Any CPU.ActiveCfg = Debug|Any CPU
		{1532238A-472F-4AE7-A305-F3E2AA885A8F}.Debug|Any CPU.Build.0 = Debug|Any CPU
		{1532238A-472F-4AE7-A305-F3E2AA885A8F}.Release|Any CPU.ActiveCfg = Release|Any CPU
		{1532238A-472F-4AE7-A305-F3E2AA885A8F}.Release|Any CPU.Build.0 = Release|Any CPU
	EndGlobalSection
	GlobalSection(SolutionProperties) = preSolution
		HideSolutionNode = FALSE
	EndGlobalSection
	GlobalSection(NestedProjects) = preSolution
		{144E37F0-7110-490A-B434-DB6EAC6085DE} = {D1ED2986-E24F-442D-8194-0E1D1996821C}
		{1532238A-472F-4AE7-A305-F3E2AA885A8F} = {D1ED2986-E24F-442D-8194-0E1D1996821C}
	EndGlobalSection
	GlobalSection(ExtensibilityGlobals) = postSolution
		SolutionGuid = {EE84C49C-610A-4030-9C51-8FE88C25814C}
	EndGlobalSection
EndGlobal
